
Microsoft Visual Studio Solution File, Format Version 12.00
# Visual Studio 15
VisualStudioVersion = 15.0.28010.2036
MinimumVisualStudioVersion = 10.0.40219.1
Project("{FAE04EC0-301F-11D3-BF4B-00C04F79EFBC}") = "Transactions", "Transactions\Transactions.csproj", "{94095045-A270-4FBC-BCFC-0D79879DDD95}"
EndProject
Project("{FAE04EC0-301F-11D3-BF4B-00C04F79EFBC}") = "Tester", "Tester\Tester.csproj", "{29E07962-4A16-462C-A07F-75B5CB47FB91}"
EndProject
Global
	GlobalSection(SolutionConfigurationPlatforms) = preSolution
		Debug|Any CPU = Debug|Any CPU
		Release|Any CPU = Release|Any CPU
	EndGlobalSection
	GlobalSection(ProjectConfigurationPlatforms) = postSolution
		{94095045-A270-4FBC-BCFC-0D79879DDD95}.Debug|Any CPU.ActiveCfg = Debug|Any CPU
		{94095045-A270-4FBC-BCFC-0D79879DDD95}.Debug|Any CPU.Build.0 = Debug|Any CPU
		{94095045-A270-4FBC-BCFC-0D79879DDD95}.Release|Any CPU.ActiveCfg = Release|Any CPU
		{94095045-A270-4FBC-BCFC-0D79879DDD95}.Release|Any CPU.Build.0 = Release|Any CPU
		{29E07962-4A16-462C-A07F-75B5CB47FB91}.Debug|Any CPU.ActiveCfg = Debug|Any CPU
		{29E07962-4A16-462C-A07F-75B5CB47FB91}.Debug|Any CPU.Build.0 = Debug|Any CPU
		{29E07962-4A16-462C-A07F-75B5CB47FB91}.Release|Any CPU.ActiveCfg = Release|Any CPU
		{29E07962-4A16-462C-A07F-75B5CB47FB91}.Release|Any CPU.Build.0 = Release|Any CPU
	EndGlobalSection
	GlobalSection(SolutionProperties) = preSolution
		HideSolutionNode = FALSE
	EndGlobalSection
	GlobalSection(ExtensibilityGlobals) = postSolution
		SolutionGuid = {7C2415E6-EDB0-4CAB-A9F5-890DC38FCB13}
	EndGlobalSection
EndGlobal
